// !$*UTF8*$!
{
	archiveVersion = 1;
	classes = {
	};
	objectVersion = 50;
	objects = {

/* Begin PBXBuildFile section */
		DC88E0A722C13CAC00101271 /* AppDelegate.swift in Sources */ = {isa = PBXBuildFile; fileRef = DC88E0A622C13CAC00101271 /* AppDelegate.swift */; };
		DC88E0A922C13CAC00101271 /* ViewController.swift in Sources */ = {isa = PBXBuildFile; fileRef = DC88E0A822C13CAC00101271 /* ViewController.swift */; };
		DC88E0AC22C13CAC00101271 /* Main.storyboard in Resources */ = {isa = PBXBuildFile; fileRef = DC88E0AA22C13CAC00101271 /* Main.storyboard */; };
		DC88E0AE22C13CAD00101271 /* Assets.xcassets in Resources */ = {isa = PBXBuildFile; fileRef = DC88E0AD22C13CAD00101271 /* Assets.xcassets */; };
		DC88E0B122C13CAD00101271 /* LaunchScreen.storyboard in Resources */ = {isa = PBXBuildFile; fileRef = DC88E0AF22C13CAD00101271 /* LaunchScreen.storyboard */; };
		DC88E0C822C1462700101271 /* FIRAnalyticsConnector.framework in Frameworks */ = {isa = PBXBuildFile; fileRef = DC88E0B922C1462600101271 /* FIRAnalyticsConnector.framework */; };
		DC88E0C922C1462700101271 /* FirebaseAnalytics.framework in Frameworks */ = {isa = PBXBuildFile; fileRef = DC88E0BA22C1462600101271 /* FirebaseAnalytics.framework */; };
		DC88E0CA22C1462700101271 /* FirebaseCore.framework in Frameworks */ = {isa = PBXBuildFile; fileRef = DC88E0BB22C1462600101271 /* FirebaseCore.framework */; };
		DC88E0CB22C1462700101271 /* BoringSSL-GRPC.framework in Frameworks */ = {isa = PBXBuildFile; fileRef = DC88E0BC22C1462600101271 /* BoringSSL-GRPC.framework */; };
		DC88E0CC22C1462700101271 /* FirebaseCoreDiagnostics.framework in Frameworks */ = {isa = PBXBuildFile; fileRef = DC88E0BD22C1462600101271 /* FirebaseCoreDiagnostics.framework */; };
		DC88E0CD22C1462700101271 /* FirebaseInstanceID.framework in Frameworks */ = {isa = PBXBuildFile; fileRef = DC88E0BE22C1462600101271 /* FirebaseInstanceID.framework */; };
		DC88E0CE22C1462700101271 /* Protobuf.framework in Frameworks */ = {isa = PBXBuildFile; fileRef = DC88E0BF22C1462600101271 /* Protobuf.framework */; };
		DC88E0CF22C1462700101271 /* GoogleUtilities.framework in Frameworks */ = {isa = PBXBuildFile; fileRef = DC88E0C022C1462700101271 /* GoogleUtilities.framework */; };
		DC88E0D022C1462700101271 /* GoogleAppMeasurement.framework in Frameworks */ = {isa = PBXBuildFile; fileRef = DC88E0C122C1462700101271 /* GoogleAppMeasurement.framework */; };
		DC88E0D122C1462700101271 /* leveldb-library.framework in Frameworks */ = {isa = PBXBuildFile; fileRef = DC88E0C222C1462700101271 /* leveldb-library.framework */; };
		DC88E0D222C1462700101271 /* gRPC-Core.framework in Frameworks */ = {isa = PBXBuildFile; fileRef = DC88E0C322C1462700101271 /* gRPC-Core.framework */; };
		DC88E0D322C1462700101271 /* gRPC-C++.framework in Frameworks */ = {isa = PBXBuildFile; fileRef = DC88E0C422C1462700101271 /* gRPC-C++.framework */; };
		DC88E0D422C1462700101271 /* nanopb.framework in Frameworks */ = {isa = PBXBuildFile; fileRef = DC88E0C522C1462700101271 /* nanopb.framework */; };
		DC88E0D622C1462700101271 /* FirebaseFirestore.framework in Frameworks */ = {isa = PBXBuildFile; fileRef = DC88E0C722C1462700101271 /* FirebaseFirestore.framework */; };
		DC88E0D922C1464E00101271 /* libc++.tbd in Frameworks */ = {isa = PBXBuildFile; fileRef = DC88E0D822C1464E00101271 /* libc++.tbd */; };
		DC88E0DB22C1465B00101271 /* libsqlite3.tbd in Frameworks */ = {isa = PBXBuildFile; fileRef = DC88E0DA22C1465A00101271 /* libsqlite3.tbd */; };
		DC88E0DD22C1466100101271 /* StoreKit.framework in Frameworks */ = {isa = PBXBuildFile; fileRef = DC88E0DC22C1466100101271 /* StoreKit.framework */; };
		DC88E0DF22C1468600101271 /* gRPCCertificates-Cpp.bundle in Resources */ = {isa = PBXBuildFile; fileRef = DC88E0DE22C1468500101271 /* gRPCCertificates-Cpp.bundle */; };
		DC88E0E322C1475200101271 /* GoogleService-Info.plist in Resources */ = {isa = PBXBuildFile; fileRef = DC88E0E222C1475200101271 /* GoogleService-Info.plist */; };
/* End PBXBuildFile section */

/* Begin PBXFileReference section */
		DC88E0A322C13CAC00101271 /* TestFrameWorkPushes.app */ = {isa = PBXFileReference; explicitFileType = wrapper.application; includeInIndex = 0; path = TestFrameWorkPushes.app; sourceTree = BUILT_PRODUCTS_DIR; };
		DC88E0A622C13CAC00101271 /* AppDelegate.swift */ = {isa = PBXFileReference; lastKnownFileType = sourcecode.swift; path = AppDelegate.swift; sourceTree = "<group>"; };
		DC88E0A822C13CAC00101271 /* ViewController.swift */ = {isa = PBXFileReference; lastKnownFileType = sourcecode.swift; path = ViewController.swift; sourceTree = "<group>"; };
		DC88E0AB22C13CAC00101271 /* Base */ = {isa = PBXFileReference; lastKnownFileType = file.storyboard; name = Base; path = Base.lproj/Main.storyboard; sourceTree = "<group>"; };
		DC88E0AD22C13CAD00101271 /* Assets.xcassets */ = {isa = PBXFileReference; lastKnownFileType = folder.assetcatalog; path = Assets.xcassets; sourceTree = "<group>"; };
		DC88E0B022C13CAD00101271 /* Base */ = {isa = PBXFileReference; lastKnownFileType = file.storyboard; name = Base; path = Base.lproj/LaunchScreen.storyboard; sourceTree = "<group>"; };
		DC88E0B222C13CAD00101271 /* Info.plist */ = {isa = PBXFileReference; lastKnownFileType = text.plist.xml; path = Info.plist; sourceTree = "<group>"; };
		DC88E0B922C1462600101271 /* FIRAnalyticsConnector.framework */ = {isa = PBXFileReference; lastKnownFileType = wrapper.framework; name = FIRAnalyticsConnector.framework; path = Carthage/Build/iOS/FIRAnalyticsConnector.framework; sourceTree = SOURCE_ROOT; };
		DC88E0BA22C1462600101271 /* FirebaseAnalytics.framework */ = {isa = PBXFileReference; lastKnownFileType = wrapper.framework; name = FirebaseAnalytics.framework; path = Carthage/Build/iOS/FirebaseAnalytics.framework; sourceTree = SOURCE_ROOT; };
		DC88E0BB22C1462600101271 /* FirebaseCore.framework */ = {isa = PBXFileReference; lastKnownFileType = wrapper.framework; name = FirebaseCore.framework; path = Carthage/Build/iOS/FirebaseCore.framework; sourceTree = SOURCE_ROOT; };
		DC88E0BC22C1462600101271 /* BoringSSL-GRPC.framework */ = {isa = PBXFileReference; lastKnownFileType = wrapper.framework; name = "BoringSSL-GRPC.framework"; path = "Carthage/Build/iOS/BoringSSL-GRPC.framework"; sourceTree = SOURCE_ROOT; };
		DC88E0BD22C1462600101271 /* FirebaseCoreDiagnostics.framework */ = {isa = PBXFileReference; lastKnownFileType = wrapper.framework; name = FirebaseCoreDiagnostics.framework; path = Carthage/Build/iOS/FirebaseCoreDiagnostics.framework; sourceTree = SOURCE_ROOT; };
		DC88E0BE22C1462600101271 /* FirebaseInstanceID.framework */ = {isa = PBXFileReference; lastKnownFileType = wrapper.framework; name = FirebaseInstanceID.framework; path = Carthage/Build/iOS/FirebaseInstanceID.framework; sourceTree = SOURCE_ROOT; };
		DC88E0BF22C1462600101271 /* Protobuf.framework */ = {isa = PBXFileReference; lastKnownFileType = wrapper.framework; name = Protobuf.framework; path = Carthage/Build/iOS/Protobuf.framework; sourceTree = SOURCE_ROOT; };
		DC88E0C022C1462700101271 /* GoogleUtilities.framework */ = {isa = PBXFileReference; lastKnownFileType = wrapper.framework; name = GoogleUtilities.framework; path = Carthage/Build/iOS/GoogleUtilities.framework; sourceTree = SOURCE_ROOT; };
		DC88E0C122C1462700101271 /* GoogleAppMeasurement.framework */ = {isa = PBXFileReference; lastKnownFileType = wrapper.framework; name = GoogleAppMeasurement.framework; path = Carthage/Build/iOS/GoogleAppMeasurement.framework; sourceTree = SOURCE_ROOT; };
		DC88E0C222C1462700101271 /* leveldb-library.framework */ = {isa = PBXFileReference; lastKnownFileType = wrapper.framework; name = "leveldb-library.framework"; path = "Carthage/Build/iOS/leveldb-library.framework"; sourceTree = SOURCE_ROOT; };
		DC88E0C322C1462700101271 /* gRPC-Core.framework */ = {isa = PBXFileReference; lastKnownFileType = wrapper.framework; name = "gRPC-Core.framework"; path = "Carthage/Build/iOS/gRPC-Core.framework"; sourceTree = SOURCE_ROOT; };
		DC88E0C422C1462700101271 /* gRPC-C++.framework */ = {isa = PBXFileReference; lastKnownFileType = wrapper.framework; name = "gRPC-C++.framework"; path = "Carthage/Build/iOS/gRPC-C++.framework"; sourceTree = SOURCE_ROOT; };
		DC88E0C522C1462700101271 /* nanopb.framework */ = {isa = PBXFileReference; lastKnownFileType = wrapper.framework; name = nanopb.framework; path = Carthage/Build/iOS/nanopb.framework; sourceTree = SOURCE_ROOT; };
		DC88E0C622C1462700101271 /* Firebase.framework */ = {isa = PBXFileReference; lastKnownFileType = wrapper.framework; name = Firebase.framework; path = Carthage/Build/iOS/Firebase.framework; sourceTree = SOURCE_ROOT; };
		DC88E0C722C1462700101271 /* FirebaseFirestore.framework */ = {isa = PBXFileReference; lastKnownFileType = wrapper.framework; name = FirebaseFirestore.framework; path = Carthage/Build/iOS/FirebaseFirestore.framework; sourceTree = SOURCE_ROOT; };
		DC88E0D822C1464E00101271 /* libc++.tbd */ = {isa = PBXFileReference; lastKnownFileType = "sourcecode.text-based-dylib-definition"; name = "libc++.tbd"; path = "usr/lib/libc++.tbd"; sourceTree = SDKROOT; };
		DC88E0DA22C1465A00101271 /* libsqlite3.tbd */ = {isa = PBXFileReference; lastKnownFileType = "sourcecode.text-based-dylib-definition"; name = libsqlite3.tbd; path = usr/lib/libsqlite3.tbd; sourceTree = SDKROOT; };
		DC88E0DC22C1466100101271 /* StoreKit.framework */ = {isa = PBXFileReference; lastKnownFileType = wrapper.framework; name = StoreKit.framework; path = System/Library/Frameworks/StoreKit.framework; sourceTree = SDKROOT; };
		DC88E0DE22C1468500101271 /* gRPCCertificates-Cpp.bundle */ = {isa = PBXFileReference; lastKnownFileType = "wrapper.plug-in"; name = "gRPCCertificates-Cpp.bundle"; path = "Carthage/Build/iOS/FirebaseFirestore.framework/gRPCCertificates-Cpp.bundle"; sourceTree = "<group>"; };
		DC88E0E222C1475200101271 /* GoogleService-Info.plist */ = {isa = PBXFileReference; fileEncoding = 4; lastKnownFileType = text.plist.xml; path = "GoogleService-Info.plist"; sourceTree = "<group>"; };
/* End PBXFileReference section */

/* Begin PBXFrameworksBuildPhase section */
		DC88E0A022C13CAC00101271 /* Frameworks */ = {
			isa = PBXFrameworksBuildPhase;
			buildActionMask = 2147483647;
			files = (
				DC88E0DD22C1466100101271 /* StoreKit.framework in Frameworks */,
				DC88E0DB22C1465B00101271 /* libsqlite3.tbd in Frameworks */,
				DC88E0D922C1464E00101271 /* libc++.tbd in Frameworks */,
				DC88E0D222C1462700101271 /* gRPC-Core.framework in Frameworks */,
				DC88E0CB22C1462700101271 /* BoringSSL-GRPC.framework in Frameworks */,
				DC88E0CD22C1462700101271 /* FirebaseInstanceID.framework in Frameworks */,
				DC88E0D022C1462700101271 /* GoogleAppMeasurement.framework in Frameworks */,
				DC88E0D422C1462700101271 /* nanopb.framework in Frameworks */,
				DC88E0CE22C1462700101271 /* Protobuf.framework in Frameworks */,
				DC88E0C922C1462700101271 /* FirebaseAnalytics.framework in Frameworks */,
				DC88E0CC22C1462700101271 /* FirebaseCoreDiagnostics.framework in Frameworks */,
				DC88E0C822C1462700101271 /* FIRAnalyticsConnector.framework in Frameworks */,
				DC88E0D322C1462700101271 /* gRPC-C++.framework in Frameworks */,
				DC88E0D622C1462700101271 /* FirebaseFirestore.framework in Frameworks */,
				DC88E0CF22C1462700101271 /* GoogleUtilities.framework in Frameworks */,
				DC88E0CA22C1462700101271 /* FirebaseCore.framework in Frameworks */,
				DC88E0D122C1462700101271 /* leveldb-library.framework in Frameworks */,
			);
			runOnlyForDeploymentPostprocessing = 0;
		};
/* End PBXFrameworksBuildPhase section */

/* Begin PBXGroup section */
		DC88E09A22C13CAC00101271 = {
			isa = PBXGroup;
			children = (
				DC88E0DE22C1468500101271 /* gRPCCertificates-Cpp.bundle */,
				DC88E0B822C1460300101271 /* FrameWorks */,
				DC88E0A522C13CAC00101271 /* TestFrameWorkPushes */,
				DC88E0A422C13CAC00101271 /* Products */,
				DC88E0D722C1464E00101271 /* Frameworks */,
			);
			sourceTree = "<group>";
		};
		DC88E0A422C13CAC00101271 /* Products */ = {
			isa = PBXGroup;
			children = (
				DC88E0A322C13CAC00101271 /* TestFrameWorkPushes.app */,
			);
			name = Products;
			sourceTree = "<group>";
		};
		DC88E0A522C13CAC00101271 /* TestFrameWorkPushes */ = {
			isa = PBXGroup;
			children = (
				DC88E0A622C13CAC00101271 /* AppDelegate.swift */,
				DC88E0A822C13CAC00101271 /* ViewController.swift */,
				DC88E0AA22C13CAC00101271 /* Main.storyboard */,
				DC88E0AD22C13CAD00101271 /* Assets.xcassets */,
				DC88E0AF22C13CAD00101271 /* LaunchScreen.storyboard */,
				DC88E0B222C13CAD00101271 /* Info.plist */,
				DC88E0E222C1475200101271 /* GoogleService-Info.plist */,
			);
			path = TestFrameWorkPushes;
			sourceTree = "<group>";
		};
		DC88E0B822C1460300101271 /* FrameWorks */ = {
			isa = PBXGroup;
			children = (
				DC88E0BC22C1462600101271 /* BoringSSL-GRPC.framework */,
				DC88E0B922C1462600101271 /* FIRAnalyticsConnector.framework */,
				DC88E0C622C1462700101271 /* Firebase.framework */,
				DC88E0BA22C1462600101271 /* FirebaseAnalytics.framework */,
				DC88E0BB22C1462600101271 /* FirebaseCore.framework */,
				DC88E0BD22C1462600101271 /* FirebaseCoreDiagnostics.framework */,
				DC88E0C722C1462700101271 /* FirebaseFirestore.framework */,
				DC88E0BE22C1462600101271 /* FirebaseInstanceID.framework */,
				DC88E0C122C1462700101271 /* GoogleAppMeasurement.framework */,
				DC88E0C022C1462700101271 /* GoogleUtilities.framework */,
				DC88E0C422C1462700101271 /* gRPC-C++.framework */,
				DC88E0C322C1462700101271 /* gRPC-Core.framework */,
				DC88E0C222C1462700101271 /* leveldb-library.framework */,
				DC88E0C522C1462700101271 /* nanopb.framework */,
				DC88E0BF22C1462600101271 /* Protobuf.framework */,
			);
			path = FrameWorks;
			sourceTree = "<group>";
		};
		DC88E0D722C1464E00101271 /* Frameworks */ = {
			isa = PBXGroup;
			children = (
				DC88E0DC22C1466100101271 /* StoreKit.framework */,
				DC88E0DA22C1465A00101271 /* libsqlite3.tbd */,
				DC88E0D822C1464E00101271 /* libc++.tbd */,
			);
			name = Frameworks;
			sourceTree = "<group>";
		};
/* End PBXGroup section */

/* Begin PBXNativeTarget section */
		DC88E0A222C13CAC00101271 /* TestFrameWorkPushes */ = {
			isa = PBXNativeTarget;
			buildConfigurationList = DC88E0B522C13CAD00101271 /* Build configuration list for PBXNativeTarget "TestFrameWorkPushes" */;
			buildPhases = (
				DC88E09F22C13CAC00101271 /* Sources */,
				DC88E0A022C13CAC00101271 /* Frameworks */,
				DC88E0A122C13CAC00101271 /* Resources */,
			);
			buildRules = (
			);
			dependencies = (
			);
			name = TestFrameWorkPushes;
			productName = TestFrameWorkPushes;
			productReference = DC88E0A322C13CAC00101271 /* TestFrameWorkPushes.app */;
			productType = "com.apple.product-type.application";
		};
/* End PBXNativeTarget section */

/* Begin PBXProject section */
		DC88E09B22C13CAC00101271 /* Project object */ = {
			isa = PBXProject;
			attributes = {
				LastSwiftUpdateCheck = 1020;
				LastUpgradeCheck = 1020;
				ORGANIZATIONNAME = DevMountain;
				TargetAttributes = {
					DC88E0A222C13CAC00101271 = {
						CreatedOnToolsVersion = 10.2.1;
					};
				};
			};
			buildConfigurationList = DC88E09E22C13CAC00101271 /* Build configuration list for PBXProject "TestFrameWorkPushes" */;
			compatibilityVersion = "Xcode 9.3";
			developmentRegion = en;
			hasScannedForEncodings = 0;
			knownRegions = (
				en,
				Base,
			);
			mainGroup = DC88E09A22C13CAC00101271;
			productRefGroup = DC88E0A422C13CAC00101271 /* Products */;
			projectDirPath = "";
			projectRoot = "";
			targets = (
				DC88E0A222C13CAC00101271 /* TestFrameWorkPushes */,
			);
		};
/* End PBXProject section */

/* Begin PBXResourcesBuildPhase section */
		DC88E0A122C13CAC00101271 /* Resources */ = {
			isa = PBXResourcesBuildPhase;
			buildActionMask = 2147483647;
			files = (
				DC88E0DF22C1468600101271 /* gRPCCertificates-Cpp.bundle in Resources */,
				DC88E0B122C13CAD00101271 /* LaunchScreen.storyboard in Resources */,
				DC88E0AE22C13CAD00101271 /* Assets.xcassets in Resources */,
				DC88E0AC22C13CAC00101271 /* Main.storyboard in Resources */,
				DC88E0E322C1475200101271 /* GoogleService-Info.plist in Resources */,
			);
			runOnlyForDeploymentPostprocessing = 0;
		};
/* End PBXResourcesBuildPhase section */

/* Begin PBXSourcesBuildPhase section */
		DC88E09F22C13CAC00101271 /* Sources */ = {
			isa = PBXSourcesBuildPhase;
			buildActionMask = 2147483647;
			files = (
				DC88E0A922C13CAC00101271 /* ViewController.swift in Sources */,
				DC88E0A722C13CAC00101271 /* AppDelegate.swift in Sources */,
			);
			runOnlyForDeploymentPostprocessing = 0;
		};
/* End PBXSourcesBuildPhase section */

/* Begin PBXVariantGroup section */
		DC88E0AA22C13CAC00101271 /* Main.storyboard */ = {
			isa = PBXVariantGroup;
			children = (
				DC88E0AB22C13CAC00101271 /* Base */,
			);
			name = Main.storyboard;
			sourceTree = "<group>";
		};
		DC88E0AF22C13CAD00101271 /* LaunchScreen.storyboard */ = {
			isa = PBXVariantGroup;
			children = (
				DC88E0B022C13CAD00101271 /* Base */,
			);
			name = LaunchScreen.storyboard;
			sourceTree = "<group>";
		};
/* End PBXVariantGroup section */

/* Begin XCBuildConfiguration section */
		DC88E0B322C13CAD00101271 /* Debug */ = {
			isa = XCBuildConfiguration;
			buildSettings = {
				ALWAYS_SEARCH_USER_PATHS = NO;
				CLANG_ANALYZER_NONNULL = YES;
				CLANG_ANALYZER_NUMBER_OBJECT_CONVERSION = YES_AGGRESSIVE;
				CLANG_CXX_LANGUAGE_STANDARD = "gnu++14";
				CLANG_CXX_LIBRARY = "libc++";
				CLANG_ENABLE_MODULES = YES;
				CLANG_ENABLE_OBJC_ARC = YES;
				CLANG_ENABLE_OBJC_WEAK = YES;
				CLANG_WARN_BLOCK_CAPTURE_AUTORELEASING = YES;
				CLANG_WARN_BOOL_CONVERSION = YES;
				CLANG_WARN_COMMA = YES;
				CLANG_WARN_CONSTANT_CONVERSION = YES;
				CLANG_WARN_DEPRECATED_OBJC_IMPLEMENTATIONS = YES;
				CLANG_WARN_DIRECT_OBJC_ISA_USAGE = YES_ERROR;
				CLANG_WARN_DOCUMENTATION_COMMENTS = YES;
				CLANG_WARN_EMPTY_BODY = YES;
				CLANG_WARN_ENUM_CONVERSION = YES;
				CLANG_WARN_INFINITE_RECURSION = YES;
				CLANG_WARN_INT_CONVERSION = YES;
				CLANG_WARN_NON_LITERAL_NULL_CONVERSION = YES;
				CLANG_WARN_OBJC_IMPLICIT_RETAIN_SELF = YES;
				CLANG_WARN_OBJC_LITERAL_CONVERSION = YES;
				CLANG_WARN_OBJC_ROOT_CLASS = YES_ERROR;
				CLANG_WARN_RANGE_LOOP_ANALYSIS = YES;
				CLANG_WARN_STRICT_PROTOTYPES = YES;
				CLANG_WARN_SUSPICIOUS_MOVE = YES;
				CLANG_WARN_UNGUARDED_AVAILABILITY = YES_AGGRESSIVE;
				CLANG_WARN_UNREACHABLE_CODE = YES;
				CLANG_WARN__DUPLICATE_METHOD_MATCH = YES;
				CODE_SIGN_IDENTITY = "iPhone Developer";
				COPY_PHASE_STRIP = NO;
				DEBUG_INFORMATION_FORMAT = dwarf;
				ENABLE_STRICT_OBJC_MSGSEND = YES;
				ENABLE_TESTABILITY = YES;
				GCC_C_LANGUAGE_STANDARD = gnu11;
				GCC_DYNAMIC_NO_PIC = NO;
				GCC_NO_COMMON_BLOCKS = YES;
				GCC_OPTIMIZATION_LEVEL = 0;
				GCC_PREPROCESSOR_DEFINITIONS = (
					"DEBUG=1",
					"$(inherited)",
				);
				GCC_WARN_64_TO_32_BIT_CONVERSION = YES;
				GCC_WARN_ABOUT_RETURN_TYPE = YES_ERROR;
				GCC_WARN_UNDECLARED_SELECTOR = YES;
				GCC_WARN_UNINITIALIZED_AUTOS = YES_AGGRESSIVE;
				GCC_WARN_UNUSED_FUNCTION = YES;
				GCC_WARN_UNUSED_VARIABLE = YES;
				IPHONEOS_DEPLOYMENT_TARGET = 12.2;
				MTL_ENABLE_DEBUG_INFO = INCLUDE_SOURCE;
				MTL_FAST_MATH = YES;
				ONLY_ACTIVE_ARCH = YES;
				SDKROOT = iphoneos;
				SWIFT_ACTIVE_COMPILATION_CONDITIONS = DEBUG;
				SWIFT_OPTIMIZATION_LEVEL = "-Onone";
			};
			name = Debug;
		};
		DC88E0B422C13CAD00101271 /* Release */ = {
			isa = XCBuildConfiguration;
			buildSettings = {
				ALWAYS_SEARCH_USER_PATHS = NO;
				CLANG_ANALYZER_NONNULL = YES;
				CLANG_ANALYZER_NUMBER_OBJECT_CONVERSION = YES_AGGRESSIVE;
				CLANG_CXX_LANGUAGE_STANDARD = "gnu++14";
				CLANG_CXX_LIBRARY = "libc++";
				CLANG_ENABLE_MODULES = YES;
				CLANG_ENABLE_OBJC_ARC = YES;
				CLANG_ENABLE_OBJC_WEAK = YES;
				CLANG_WARN_BLOCK_CAPTURE_AUTORELEASING = YES;
				CLANG_WARN_BOOL_CONVERSION = YES;
				CLANG_WARN_COMMA = YES;
				CLANG_WARN_CONSTANT_CONVERSION = YES;
				CLANG_WARN_DEPRECATED_OBJC_IMPLEMENTATIONS = YES;
				CLANG_WARN_DIRECT_OBJC_ISA_USAGE = YES_ERROR;
				CLANG_WARN_DOCUMENTATION_COMMENTS = YES;
				CLANG_WARN_EMPTY_BODY = YES;
				CLANG_WARN_ENUM_CONVERSION = YES;
				CLANG_WARN_INFINITE_RECURSION = YES;
				CLANG_WARN_INT_CONVERSION = YES;
				CLANG_WARN_NON_LITERAL_NULL_CONVERSION = YES;
				CLANG_WARN_OBJC_IMPLICIT_RETAIN_SELF = YES;
				CLANG_WARN_OBJC_LITERAL_CONVERSION = YES;
				CLANG_WARN_OBJC_ROOT_CLASS = YES_ERROR;
				CLANG_WARN_RANGE_LOOP_ANALYSIS = YES;
				CLANG_WARN_STRICT_PROTOTYPES = YES;
				CLANG_WARN_SUSPICIOUS_MOVE = YES;
				CLANG_WARN_UNGUARDED_AVAILABILITY = YES_AGGRESSIVE;
				CLANG_WARN_UNREACHABLE_CODE = YES;
				CLANG_WARN__DUPLICATE_METHOD_MATCH = YES;
				CODE_SIGN_IDENTITY = "iPhone Developer";
				COPY_PHASE_STRIP = NO;
				DEBUG_INFORMATION_FORMAT = "dwarf-with-dsym";
				ENABLE_NS_ASSERTIONS = NO;
				ENABLE_STRICT_OBJC_MSGSEND = YES;
				GCC_C_LANGUAGE_STANDARD = gnu11;
				GCC_NO_COMMON_BLOCKS = YES;
				GCC_WARN_64_TO_32_BIT_CONVERSION = YES;
				GCC_WARN_ABOUT_RETURN_TYPE = YES_ERROR;
				GCC_WARN_UNDECLARED_SELECTOR = YES;
				GCC_WARN_UNINITIALIZED_AUTOS = YES_AGGRESSIVE;
				GCC_WARN_UNUSED_FUNCTION = YES;
				GCC_WARN_UNUSED_VARIABLE = YES;
				IPHONEOS_DEPLOYMENT_TARGET = 12.2;
				MTL_ENABLE_DEBUG_INFO = NO;
				MTL_FAST_MATH = YES;
				SDKROOT = iphoneos;
				SWIFT_COMPILATION_MODE = wholemodule;
				SWIFT_OPTIMIZATION_LEVEL = "-O";
				VALIDATE_PRODUCT = YES;
			};
			name = Release;
		};
		DC88E0B622C13CAD00101271 /* Debug */ = {
			isa = XCBuildConfiguration;
			buildSettings = {
				ASSETCATALOG_COMPILER_APPICON_NAME = AppIcon;
				CODE_SIGN_STYLE = Automatic;
				DEVELOPMENT_TEAM = DT6NQCY8FM;
				FRAMEWORK_SEARCH_PATHS = (
					"$(inherited)",
					"$(PROJECT_DIR)/Carthage/Build/iOS",
				);
				INFOPLIST_FILE = TestFrameWorkPushes/Info.plist;
				LD_RUNPATH_SEARCH_PATHS = (
					"$(inherited)",
					"@executable_path/Frameworks",
				);
				OTHER_LDFLAGS = (
					"$(OTHER_LDFLAGS)",
					"-ObjC",
				);
				PRODUCT_BUNDLE_IDENTIFIER = KadenDevMountain.TestFrameWorkPushes;
				PRODUCT_NAME = "$(TARGET_NAME)";
				SWIFT_VERSION = 5.0;
				TARGETED_DEVICE_FAMILY = "1,2";
			};
			name = Debug;
		};
		DC88E0B722C13CAD00101271 /* Release */ = {
			isa = XCBuildConfiguration;
			buildSettings = {
				ASSETCATALOG_COMPILER_APPICON_NAME = AppIcon;
				CODE_SIGN_STYLE = Automatic;
				DEVELOPMENT_TEAM = DT6NQCY8FM;
				FRAMEWORK_SEARCH_PATHS = (
					"$(inherited)",
					"$(PROJECT_DIR)/Carthage/Build/iOS",
				);
				INFOPLIST_FILE = TestFrameWorkPushes/Info.plist;
				LD_RUNPATH_SEARCH_PATHS = (
					"$(inherited)",
					"@executable_path/Frameworks",
				);
				OTHER_LDFLAGS = (
					"$(OTHER_LDFLAGS)",
					"-ObjC",
				);
				PRODUCT_BUNDLE_IDENTIFIER = KadenDevMountain.TestFrameWorkPushes;
				PRODUCT_NAME = "$(TARGET_NAME)";
				SWIFT_VERSION = 5.0;
				TARGETED_DEVICE_FAMILY = "1,2";
			};
			name = Release;
		};
/* End XCBuildConfiguration section */

/* Begin XCConfigurationList section */
		DC88E09E22C13CAC00101271 /* Build configuration list for PBXProject "TestFrameWorkPushes" */ = {
			isa = XCConfigurationList;
			buildConfigurations = (
				DC88E0B322C13CAD00101271 /* Debug */,
				DC88E0B422C13CAD00101271 /* Release */,
			);
			defaultConfigurationIsVisible = 0;
			defaultConfigurationName = Release;
		};
		DC88E0B522C13CAD00101271 /* Build configuration list for PBXNativeTarget "TestFrameWorkPushes" */ = {
			isa = XCConfigurationList;
			buildConfigurations = (
				DC88E0B622C13CAD00101271 /* Debug */,
				DC88E0B722C13CAD00101271 /* Release */,
			);
			defaultConfigurationIsVisible = 0;
			defaultConfigurationName = Release;
		};
/* End XCConfigurationList section */
	};
	rootObject = DC88E09B22C13CAC00101271 /* Project object */;
}
